
Microsoft Visual Studio Solution File, Format Version 12.00
# Visual Studio 15
VisualStudioVersion = 15.0.28307.572
MinimumVisualStudioVersion = 10.0.40219.1
Project("{FAE04EC0-301F-11D3-BF4B-00C04F79EFBC}") = "BitalinoGui", "BitalinoGui\BitalinoGui.csproj", "{8799F966-30A1-4F74-8AF9-61B92A0B0E19}"
EndProject
Global
	GlobalSection(SolutionConfigurationPlatforms) = preSolution
		Debug|Any CPU = Debug|Any CPU
		Debug|x64 = Debug|x64
		Debug|x86 = Debug|x86
		Release|Any CPU = Release|Any CPU
		Release|x64 = Release|x64
		Release|x86 = Release|x86
	EndGlobalSection
	GlobalSection(ProjectConfigurationPlatforms) = postSolution
		{8799F966-30A1-4F74-8AF9-61B92A0B0E19}.Debug|Any CPU.ActiveCfg = Debug|x86
		{8799F966-30A1-4F74-8AF9-61B92A0B0E19}.Debug|Any CPU.Build.0 = Debug|x86
		{8799F966-30A1-4F74-8AF9-61B92A0B0E19}.Debug|x64.ActiveCfg = Debug|x64
		{8799F966-30A1-4F74-8AF9-61B92A0B0E19}.Debug|x64.Build.0 = Debug|x64
		{8799F966-30A1-4F74-8AF9-61B92A0B0E19}.Debug|x86.ActiveCfg = Debug|x86
		{8799F966-30A1-4F74-8AF9-61B92A0B0E19}.Debug|x86.Build.0 = Debug|x86
		{8799F966-30A1-4F74-8AF9-61B92A0B0E19}.Release|Any CPU.ActiveCfg = Release|Any CPU
		{8799F966-30A1-4F74-8AF9-61B92A0B0E19}.Release|Any CPU.Build.0 = Release|Any CPU
		{8799F966-30A1-4F74-8AF9-61B92A0B0E19}.Release|x64.ActiveCfg = Release|x64
		{8799F966-30A1-4F74-8AF9-61B92A0B0E19}.Release|x64.Build.0 = Release|x64
		{8799F966-30A1-4F74-8AF9-61B92A0B0E19}.Release|x86.ActiveCfg = Release|Any CPU
		{8799F966-30A1-4F74-8AF9-61B92A0B0E19}.Release|x86.Build.0 = Release|Any CPU
	EndGlobalSection
	GlobalSection(SolutionProperties) = preSolution
		HideSolutionNode = FALSE
	EndGlobalSection
	GlobalSection(ExtensibilityGlobals) = postSolution
		SolutionGuid = {E0335993-C2A2-43C5-98F9-6EC4BE81B631}
	EndGlobalSection
EndGlobal
